
Microsoft Visual Studio Solution File, Format Version 12.00
Project("{FAE04EC0-301F-11D3-BF4B-00C04F79EFBC}") = "Collections", "Collections\Collections.csproj", "{C70F8548-F925-44FD-A789-1FF798B69779}"
EndProject
Project("{FAE04EC0-301F-11D3-BF4B-00C04F79EFBC}") = "Strings", "Strings\Strings.csproj", "{1D0F35FC-523C-48EC-8905-A148B865B2EB}"
EndProject
Global
	GlobalSection(SolutionConfigurationPlatforms) = preSolution
		Debug|Any CPU = Debug|Any CPU
		Release|Any CPU = Release|Any CPU
	EndGlobalSection
	GlobalSection(ProjectConfigurationPlatforms) = postSolution
		{C70F8548-F925-44FD-A789-1FF798B69779}.Debug|Any CPU.ActiveCfg = Debug|Any CPU
		{C70F8548-F925-44FD-A789-1FF798B69779}.Debug|Any CPU.Build.0 = Debug|Any CPU
		{C70F8548-F925-44FD-A789-1FF798B69779}.Release|Any CPU.ActiveCfg = Release|Any CPU
		{C70F8548-F925-44FD-A789-1FF798B69779}.Release|Any CPU.Build.0 = Release|Any CPU
		{1D0F35FC-523C-48EC-8905-A148B865B2EB}.Debug|Any CPU.ActiveCfg = Debug|Any CPU
		{1D0F35FC-523C-48EC-8905-A148B865B2EB}.Debug|Any CPU.Build.0 = Debug|Any CPU
		{1D0F35FC-523C-48EC-8905-A148B865B2EB}.Release|Any CPU.ActiveCfg = Release|Any CPU
		{1D0F35FC-523C-48EC-8905-A148B865B2EB}.Release|Any CPU.Build.0 = Release|Any CPU
	EndGlobalSection
EndGlobal
